// !$*UTF8*$!
{
	archiveVersion = 1;
	classes = {
	};
	objectVersion = 46;
	objects = {

/* Begin PBXBuildFile section */
		7FB28E08197E01990021523F /* Foundation.framework in Frameworks */ = {isa = PBXBuildFile; fileRef = 7FB28E07197E01990021523F /* Foundation.framework */; };
		7FB28E0A197E01990021523F /* CoreGraphics.framework in Frameworks */ = {isa = PBXBuildFile; fileRef = 7FB28E09197E01990021523F /* CoreGraphics.framework */; };
		7FB28E0C197E01990021523F /* UIKit.framework in Frameworks */ = {isa = PBXBuildFile; fileRef = 7FB28E0B197E01990021523F /* UIKit.framework */; };
		7FB28E12197E01990021523F /* InfoPlist.strings in Resources */ = {isa = PBXBuildFile; fileRef = 7FB28E10197E01990021523F /* InfoPlist.strings */; };
		7FB28E14197E019A0021523F /* main.m in Sources */ = {isa = PBXBuildFile; fileRef = 7FB28E13197E019A0021523F /* main.m */; };
		7FB28E18197E019A0021523F /* AppDelegate.m in Sources */ = {isa = PBXBuildFile; fileRef = 7FB28E17197E019A0021523F /* AppDelegate.m */; };
		7FB28E1A197E019A0021523F /* Images.xcassets in Resources */ = {isa = PBXBuildFile; fileRef = 7FB28E19197E019A0021523F /* Images.xcassets */; };
		7FB28E21197E019B0021523F /* XCTest.framework in Frameworks */ = {isa = PBXBuildFile; fileRef = 7FB28E20197E019B0021523F /* XCTest.framework */; };
		7FB28E22197E019B0021523F /* Foundation.framework in Frameworks */ = {isa = PBXBuildFile; fileRef = 7FB28E07197E01990021523F /* Foundation.framework */; };
		7FB28E23197E019B0021523F /* UIKit.framework in Frameworks */ = {isa = PBXBuildFile; fileRef = 7FB28E0B197E01990021523F /* UIKit.framework */; };
		7FB28E2B197E019B0021523F /* InfoPlist.strings in Resources */ = {isa = PBXBuildFile; fileRef = 7FB28E29197E019B0021523F /* InfoPlist.strings */; };
		7FB28E2D197E019B0021523F /* ClassicPhotosTests.m in Sources */ = {isa = PBXBuildFile; fileRef = 7FB28E2C197E019B0021523F /* ClassicPhotosTests.m */; };
		7FB28E37197E01EC0021523F /* CoreImage.framework in Frameworks */ = {isa = PBXBuildFile; fileRef = 7FB28E36197E01EC0021523F /* CoreImage.framework */; };
		7FB28E3A197E02200021523F /* ListViewController.m in Sources */ = {isa = PBXBuildFile; fileRef = 7FB28E39197E02200021523F /* ListViewController.m */; };
		7FB28E3D197E0DE50021523F /* MyLengthyOperation.m in Sources */ = {isa = PBXBuildFile; fileRef = 7FB28E3C197E0DE50021523F /* MyLengthyOperation.m */; };
/* End PBXBuildFile section */

/* Begin PBXContainerItemProxy section */
		7FB28E24197E019B0021523F /* PBXContainerItemProxy */ = {
			isa = PBXContainerItemProxy;
			containerPortal = 7FB28DFC197E01990021523F /* Project object */;
			proxyType = 1;
			remoteGlobalIDString = 7FB28E03197E01990021523F;
			remoteInfo = ClassicPhotos;
		};
/* End PBXContainerItemProxy section */

/* Begin PBXFileReference section */
		7FB28E04197E01990021523F /* ClassicPhotos.app */ = {isa = PBXFileReference; explicitFileType = wrapper.application; includeInIndex = 0; path = ClassicPhotos.app; sourceTree = BUILT_PRODUCTS_DIR; };
		7FB28E07197E01990021523F /* Foundation.framework */ = {isa = PBXFileReference; lastKnownFileType = wrapper.framework; name = Foundation.framework; path = System/Library/Frameworks/Foundation.framework; sourceTree = SDKROOT; };
		7FB28E09197E01990021523F /* CoreGraphics.framework */ = {isa = PBXFileReference; lastKnownFileType = wrapper.framework; name = CoreGraphics.framework; path = System/Library/Frameworks/CoreGraphics.framework; sourceTree = SDKROOT; };
		7FB28E0B197E01990021523F /* UIKit.framework */ = {isa = PBXFileReference; lastKnownFileType = wrapper.framework; name = UIKit.framework; path = System/Library/Frameworks/UIKit.framework; sourceTree = SDKROOT; };
		7FB28E0F197E01990021523F /* ClassicPhotos-Info.plist */ = {isa = PBXFileReference; lastKnownFileType = text.plist.xml; path = "ClassicPhotos-Info.plist"; sourceTree = "<group>"; };
		7FB28E11197E01990021523F /* en */ = {isa = PBXFileReference; lastKnownFileType = text.plist.strings; name = en; path = en.lproj/InfoPlist.strings; sourceTree = "<group>"; };
		7FB28E13197E019A0021523F /* main.m */ = {isa = PBXFileReference; lastKnownFileType = sourcecode.c.objc; path = main.m; sourceTree = "<group>"; };
		7FB28E15197E019A0021523F /* ClassicPhotos-Prefix.pch */ = {isa = PBXFileReference; lastKnownFileType = sourcecode.c.h; path = "ClassicPhotos-Prefix.pch"; sourceTree = "<group>"; };
		7FB28E16197E019A0021523F /* AppDelegate.h */ = {isa = PBXFileReference; lastKnownFileType = sourcecode.c.h; path = AppDelegate.h; sourceTree = "<group>"; };
		7FB28E17197E019A0021523F /* AppDelegate.m */ = {isa = PBXFileReference; lastKnownFileType = sourcecode.c.objc; path = AppDelegate.m; sourceTree = "<group>"; };
		7FB28E19197E019A0021523F /* Images.xcassets */ = {isa = PBXFileReference; lastKnownFileType = folder.assetcatalog; path = Images.xcassets; sourceTree = "<group>"; };
		7FB28E1F197E019B0021523F /* ClassicPhotosTests.xctest */ = {isa = PBXFileReference; explicitFileType = wrapper.cfbundle; includeInIndex = 0; path = ClassicPhotosTests.xctest; sourceTree = BUILT_PRODUCTS_DIR; };
		7FB28E20197E019B0021523F /* XCTest.framework */ = {isa = PBXFileReference; lastKnownFileType = wrapper.framework; name = XCTest.framework; path = Library/Frameworks/XCTest.framework; sourceTree = DEVELOPER_DIR; };
		7FB28E28197E019B0021523F /* ClassicPhotosTests-Info.plist */ = {isa = PBXFileReference; lastKnownFileType = text.plist.xml; path = "ClassicPhotosTests-Info.plist"; sourceTree = "<group>"; };
		7FB28E2A197E019B0021523F /* en */ = {isa = PBXFileReference; lastKnownFileType = text.plist.strings; name = en; path = en.lproj/InfoPlist.strings; sourceTree = "<group>"; };
		7FB28E2C197E019B0021523F /* ClassicPhotosTests.m */ = {isa = PBXFileReference; lastKnownFileType = sourcecode.c.objc; path = ClassicPhotosTests.m; sourceTree = "<group>"; };
		7FB28E36197E01EC0021523F /* CoreImage.framework */ = {isa = PBXFileReference; lastKnownFileType = wrapper.framework; name = CoreImage.framework; path = System/Library/Frameworks/CoreImage.framework; sourceTree = SDKROOT; };
		7FB28E38197E02200021523F /* ListViewController.h */ = {isa = PBXFileReference; fileEncoding = 4; lastKnownFileType = sourcecode.c.h; path = ListViewController.h; sourceTree = "<group>"; };
		7FB28E39197E02200021523F /* ListViewController.m */ = {isa = PBXFileReference; fileEncoding = 4; lastKnownFileType = sourcecode.c.objc; path = ListViewController.m; sourceTree = "<group>"; };
		7FB28E3B197E0DE50021523F /* MyLengthyOperation.h */ = {isa = PBXFileReference; fileEncoding = 4; lastKnownFileType = sourcecode.c.h; path = MyLengthyOperation.h; sourceTree = "<group>"; };
		7FB28E3C197E0DE50021523F /* MyLengthyOperation.m */ = {isa = PBXFileReference; fileEncoding = 4; lastKnownFileType = sourcecode.c.objc; path = MyLengthyOperation.m; sourceTree = "<group>"; };
/* End PBXFileReference section */

/* Begin PBXFrameworksBuildPhase section */
		7FB28E01197E01990021523F /* Frameworks */ = {
			isa = PBXFrameworksBuildPhase;
			buildActionMask = 2147483647;
			files = (
				7FB28E37197E01EC0021523F /* CoreImage.framework in Frameworks */,
				7FB28E0A197E01990021523F /* CoreGraphics.framework in Frameworks */,
				7FB28E0C197E01990021523F /* UIKit.framework in Frameworks */,
				7FB28E08197E01990021523F /* Foundation.framework in Frameworks */,
			);
			runOnlyForDeploymentPostprocessing = 0;
		};
		7FB28E1C197E019B0021523F /* Frameworks */ = {
			isa = PBXFrameworksBuildPhase;
			buildActionMask = 2147483647;
			files = (
				7FB28E21197E019B0021523F /* XCTest.framework in Frameworks */,
				7FB28E23197E019B0021523F /* UIKit.framework in Frameworks */,
				7FB28E22197E019B0021523F /* Foundation.framework in Frameworks */,
			);
			runOnlyForDeploymentPostprocessing = 0;
		};
/* End PBXFrameworksBuildPhase section */

/* Begin PBXGroup section */
		7FB28DFB197E01980021523F = {
			isa = PBXGroup;
			children = (
				7FB28E0D197E01990021523F /* ClassicPhotos */,
				7FB28E26197E019B0021523F /* ClassicPhotosTests */,
				7FB28E06197E01990021523F /* Frameworks */,
				7FB28E05197E01990021523F /* Products */,
			);
			sourceTree = "<group>";
		};
		7FB28E05197E01990021523F /* Products */ = {
			isa = PBXGroup;
			children = (
				7FB28E04197E01990021523F /* ClassicPhotos.app */,
				7FB28E1F197E019B0021523F /* ClassicPhotosTests.xctest */,
			);
			name = Products;
			sourceTree = "<group>";
		};
		7FB28E06197E01990021523F /* Frameworks */ = {
			isa = PBXGroup;
			children = (
				7FB28E36197E01EC0021523F /* CoreImage.framework */,
				7FB28E07197E01990021523F /* Foundation.framework */,
				7FB28E09197E01990021523F /* CoreGraphics.framework */,
				7FB28E0B197E01990021523F /* UIKit.framework */,
				7FB28E20197E019B0021523F /* XCTest.framework */,
			);
			name = Frameworks;
			sourceTree = "<group>";
		};
		7FB28E0D197E01990021523F /* ClassicPhotos */ = {
			isa = PBXGroup;
			children = (
				7FB28E16197E019A0021523F /* AppDelegate.h */,
				7FB28E17197E019A0021523F /* AppDelegate.m */,
				7FB28E19197E019A0021523F /* Images.xcassets */,
				7FB28E0E197E01990021523F /* Supporting Files */,
				7FB28E38197E02200021523F /* ListViewController.h */,
				7FB28E39197E02200021523F /* ListViewController.m */,
				7FB28E3B197E0DE50021523F /* MyLengthyOperation.h */,
				7FB28E3C197E0DE50021523F /* MyLengthyOperation.m */,
			);
			path = ClassicPhotos;
			sourceTree = "<group>";
		};
		7FB28E0E197E01990021523F /* Supporting Files */ = {
			isa = PBXGroup;
			children = (
				7FB28E0F197E01990021523F /* ClassicPhotos-Info.plist */,
				7FB28E10197E01990021523F /* InfoPlist.strings */,
				7FB28E13197E019A0021523F /* main.m */,
				7FB28E15197E019A0021523F /* ClassicPhotos-Prefix.pch */,
			);
			name = "Supporting Files";
			sourceTree = "<group>";
		};
		7FB28E26197E019B0021523F /* ClassicPhotosTests */ = {
			isa = PBXGroup;
			children = (
				7FB28E2C197E019B0021523F /* ClassicPhotosTests.m */,
				7FB28E27197E019B0021523F /* Supporting Files */,
			);
			path = ClassicPhotosTests;
			sourceTree = "<group>";
		};
		7FB28E27197E019B0021523F /* Supporting Files */ = {
			isa = PBXGroup;
			children = (
				7FB28E28197E019B0021523F /* ClassicPhotosTests-Info.plist */,
				7FB28E29197E019B0021523F /* InfoPlist.strings */,
			);
			name = "Supporting Files";
			sourceTree = "<group>";
		};
/* End PBXGroup section */

/* Begin PBXNativeTarget section */
		7FB28E03197E01990021523F /* ClassicPhotos */ = {
			isa = PBXNativeTarget;
			buildConfigurationList = 7FB28E30197E019B0021523F /* Build configuration list for PBXNativeTarget "ClassicPhotos" */;
			buildPhases = (
				7FB28E00197E01990021523F /* Sources */,
				7FB28E01197E01990021523F /* Frameworks */,
				7FB28E02197E01990021523F /* Resources */,
			);
			buildRules = (
			);
			dependencies = (
			);
			name = ClassicPhotos;
			productName = ClassicPhotos;
			productReference = 7FB28E04197E01990021523F /* ClassicPhotos.app */;
			productType = "com.apple.product-type.application";
		};
		7FB28E1E197E019B0021523F /* ClassicPhotosTests */ = {
			isa = PBXNativeTarget;
			buildConfigurationList = 7FB28E33197E019B0021523F /* Build configuration list for PBXNativeTarget "ClassicPhotosTests" */;
			buildPhases = (
				7FB28E1B197E019B0021523F /* Sources */,
				7FB28E1C197E019B0021523F /* Frameworks */,
				7FB28E1D197E019B0021523F /* Resources */,
			);
			buildRules = (
			);
			dependencies = (
				7FB28E25197E019B0021523F /* PBXTargetDependency */,
			);
			name = ClassicPhotosTests;
			productName = ClassicPhotosTests;
			productReference = 7FB28E1F197E019B0021523F /* ClassicPhotosTests.xctest */;
			productType = "com.apple.product-type.bundle.unit-test";
		};
/* End PBXNativeTarget section */

/* Begin PBXProject section */
		7FB28DFC197E01990021523F /* Project object */ = {
			isa = PBXProject;
			attributes = {
				LastUpgradeCheck = 0510;
				ORGANIZATIONNAME = dnthome;
				TargetAttributes = {
					7FB28E1E197E019B0021523F = {
						TestTargetID = 7FB28E03197E01990021523F;
					};
				};
			};
			buildConfigurationList = 7FB28DFF197E01990021523F /* Build configuration list for PBXProject "ClassicPhotos" */;
			compatibilityVersion = "Xcode 3.2";
			developmentRegion = English;
			hasScannedForEncodings = 0;
			knownRegions = (
				en,
			);
			mainGroup = 7FB28DFB197E01980021523F;
			productRefGroup = 7FB28E05197E01990021523F /* Products */;
			projectDirPath = "";
			projectRoot = "";
			targets = (
				7FB28E03197E01990021523F /* ClassicPhotos */,
				7FB28E1E197E019B0021523F /* ClassicPhotosTests */,
			);
		};
/* End PBXProject section */

/* Begin PBXResourcesBuildPhase section */
		7FB28E02197E01990021523F /* Resources */ = {
			isa = PBXResourcesBuildPhase;
			buildActionMask = 2147483647;
			files = (
				7FB28E12197E01990021523F /* InfoPlist.strings in Resources */,
				7FB28E1A197E019A0021523F /* Images.xcassets in Resources */,
			);
			runOnlyForDeploymentPostprocessing = 0;
		};
		7FB28E1D197E019B0021523F /* Resources */ = {
			isa = PBXResourcesBuildPhase;
			buildActionMask = 2147483647;
			files = (
				7FB28E2B197E019B0021523F /* InfoPlist.strings in Resources */,
			);
			runOnlyForDeploymentPostprocessing = 0;
		};
/* End PBXResourcesBuildPhase section */

/* Begin PBXSourcesBuildPhase section */
		7FB28E00197E01990021523F /* Sources */ = {
			isa = PBXSourcesBuildPhase;
			buildActionMask = 2147483647;
			files = (
				7FB28E18197E019A0021523F /* AppDelegate.m in Sources */,
				7FB28E3D197E0DE50021523F /* MyLengthyOperation.m in Sources */,
				7FB28E14197E019A0021523F /* main.m in Sources */,
				7FB28E3A197E02200021523F /* ListViewController.m in Sources */,
			);
			runOnlyForDeploymentPostprocessing = 0;
		};
		7FB28E1B197E019B0021523F /* Sources */ = {
			isa = PBXSourcesBuildPhase;
			buildActionMask = 2147483647;
			files = (
				7FB28E2D197E019B0021523F /* ClassicPhotosTests.m in Sources */,
			);
			runOnlyForDeploymentPostprocessing = 0;
		};
/* End PBXSourcesBuildPhase section */

/* Begin PBXTargetDependency section */
		7FB28E25197E019B0021523F /* PBXTargetDependency */ = {
			isa = PBXTargetDependency;
			target = 7FB28E03197E01990021523F /* ClassicPhotos */;
			targetProxy = 7FB28E24197E019B0021523F /* PBXContainerItemProxy */;
		};
/* End PBXTargetDependency section */

/* Begin PBXVariantGroup section */
		7FB28E10197E01990021523F /* InfoPlist.strings */ = {
			isa = PBXVariantGroup;
			children = (
				7FB28E11197E01990021523F /* en */,
			);
			name = InfoPlist.strings;
			sourceTree = "<group>";
		};
		7FB28E29197E019B0021523F /* InfoPlist.strings */ = {
			isa = PBXVariantGroup;
			children = (
				7FB28E2A197E019B0021523F /* en */,
			);
			name = InfoPlist.strings;
			sourceTree = "<group>";
		};
/* End PBXVariantGroup section */

/* Begin XCBuildConfiguration section */
		7FB28E2E197E019B0021523F /* Debug */ = {
			isa = XCBuildConfiguration;
			buildSettings = {
				ALWAYS_SEARCH_USER_PATHS = NO;
				CLANG_CXX_LANGUAGE_STANDARD = "gnu++0x";
				CLANG_CXX_LIBRARY = "libc++";
				CLANG_ENABLE_MODULES = YES;
				CLANG_ENABLE_OBJC_ARC = YES;
				CLANG_WARN_BOOL_CONVERSION = YES;
				CLANG_WARN_CONSTANT_CONVERSION = YES;
				CLANG_WARN_DIRECT_OBJC_ISA_USAGE = YES_ERROR;
				CLANG_WARN_EMPTY_BODY = YES;
				CLANG_WARN_ENUM_CONVERSION = YES;
				CLANG_WARN_INT_CONVERSION = YES;
				CLANG_WARN_OBJC_ROOT_CLASS = YES_ERROR;
				CLANG_WARN__DUPLICATE_METHOD_MATCH = YES;
				"CODE_SIGN_IDENTITY[sdk=iphoneos*]" = "iPhone Developer";
				COPY_PHASE_STRIP = NO;
				GCC_C_LANGUAGE_STANDARD = gnu99;
				GCC_DYNAMIC_NO_PIC = NO;
				GCC_OPTIMIZATION_LEVEL = 0;
				GCC_PREPROCESSOR_DEFINITIONS = (
					"DEBUG=1",
					"$(inherited)",
				);
				GCC_SYMBOLS_PRIVATE_EXTERN = NO;
				GCC_WARN_64_TO_32_BIT_CONVERSION = YES;
				GCC_WARN_ABOUT_RETURN_TYPE = YES_ERROR;
				GCC_WARN_UNDECLARED_SELECTOR = YES;
				GCC_WARN_UNINITIALIZED_AUTOS = YES_AGGRESSIVE;
				GCC_WARN_UNUSED_FUNCTION = YES;
				GCC_WARN_UNUSED_VARIABLE = YES;
				IPHONEOS_DEPLOYMENT_TARGET = 7.1;
				ONLY_ACTIVE_ARCH = YES;
				SDKROOT = iphoneos;
			};
			name = Debug;
		};
		7FB28E2F197E019B0021523F /* Release */ = {
			isa = XCBuildConfiguration;
			buildSettings = {
				ALWAYS_SEARCH_USER_PATHS = NO;
				CLANG_CXX_LANGUAGE_STANDARD = "gnu++0x";
				CLANG_CXX_LIBRARY = "libc++";
				CLANG_ENABLE_MODULES = YES;
				CLANG_ENABLE_OBJC_ARC = YES;
				CLANG_WARN_BOOL_CONVERSION = YES;
				CLANG_WARN_CONSTANT_CONVERSION = YES;
				CLANG_WARN_DIRECT_OBJC_ISA_USAGE = YES_ERROR;
				CLANG_WARN_EMPTY_BODY = YES;
				CLANG_WARN_ENUM_CONVERSION = YES;
				CLANG_WARN_INT_CONVERSION = YES;
				CLANG_WARN_OBJC_ROOT_CLASS = YES_ERROR;
				CLANG_WARN__DUPLICATE_METHOD_MATCH = YES;
				"CODE_SIGN_IDENTITY[sdk=iphoneos*]" = "iPhone Developer";
				COPY_PHASE_STRIP = YES;
				ENABLE_NS_ASSERTIONS = NO;
				GCC_C_LANGUAGE_STANDARD = gnu99;
				GCC_WARN_64_TO_32_BIT_CONVERSION = YES;
				GCC_WARN_ABOUT_RETURN_TYPE = YES_ERROR;
				GCC_WARN_UNDECLARED_SELECTOR = YES;
				GCC_WARN_UNINITIALIZED_AUTOS = YES_AGGRESSIVE;
				GCC_WARN_UNUSED_FUNCTION = YES;
				GCC_WARN_UNUSED_VARIABLE = YES;
				IPHONEOS_DEPLOYMENT_TARGET = 7.1;
				SDKROOT = iphoneos;
				VALIDATE_PRODUCT = YES;
			};
			name = Release;
		};
		7FB28E31197E019B0021523F /* Debug */ = {
			isa = XCBuildConfiguration;
			buildSettings = {
				ASSETCATALOG_COMPILER_APPICON_NAME = AppIcon;
				ASSETCATALOG_COMPILER_LAUNCHIMAGE_NAME = LaunchImage;
				GCC_PRECOMPILE_PREFIX_HEADER = YES;
				GCC_PREFIX_HEADER = "ClassicPhotos/ClassicPhotos-Prefix.pch";
				INFOPLIST_FILE = "ClassicPhotos/ClassicPhotos-Info.plist";
				PRODUCT_NAME = "$(TARGET_NAME)";
				WRAPPER_EXTENSION = app;
			};
			name = Debug;
		};
		7FB28E32197E019B0021523F /* Release */ = {
			isa = XCBuildConfiguration;
			buildSettings = {
				ASSETCATALOG_COMPILER_APPICON_NAME = AppIcon;
				ASSETCATALOG_COMPILER_LAUNCHIMAGE_NAME = LaunchImage;
				GCC_PRECOMPILE_PREFIX_HEADER = YES;
				GCC_PREFIX_HEADER = "ClassicPhotos/ClassicPhotos-Prefix.pch";
				INFOPLIST_FILE = "ClassicPhotos/ClassicPhotos-Info.plist";
				PRODUCT_NAME = "$(TARGET_NAME)";
				WRAPPER_EXTENSION = app;
			};
			name = Release;
		};
		7FB28E34197E019B0021523F /* Debug */ = {
			isa = XCBuildConfiguration;
			buildSettings = {
				BUNDLE_LOADER = "$(BUILT_PRODUCTS_DIR)/ClassicPhotos.app/ClassicPhotos";
				FRAMEWORK_SEARCH_PATHS = (
					"$(SDKROOT)/Developer/Library/Frameworks",
					"$(inherited)",
					"$(DEVELOPER_FRAMEWORKS_DIR)",
				);
				GCC_PRECOMPILE_PREFIX_HEADER = YES;
				GCC_PREFIX_HEADER = "ClassicPhotos/ClassicPhotos-Prefix.pch";
				GCC_PREPROCESSOR_DEFINITIONS = (
					"DEBUG=1",
					"$(inherited)",
				);
				INFOPLIST_FILE = "ClassicPhotosTests/ClassicPhotosTests-Info.plist";
				PRODUCT_NAME = "$(TARGET_NAME)";
				TEST_HOST = "$(BUNDLE_LOADER)";
				WRAPPER_EXTENSION = xctest;
			};
			name = Debug;
		};
		7FB28E35197E019B0021523F /* Release */ = {
			isa = XCBuildConfiguration;
			buildSettings = {
				BUNDLE_LOADER = "$(BUILT_PRODUCTS_DIR)/ClassicPhotos.app/ClassicPhotos";
				FRAMEWORK_SEARCH_PATHS = (
					"$(SDKROOT)/Developer/Library/Frameworks",
					"$(inherited)",
					"$(DEVELOPER_FRAMEWORKS_DIR)",
				);
				GCC_PRECOMPILE_PREFIX_HEADER = YES;
				GCC_PREFIX_HEADER = "ClassicPhotos/ClassicPhotos-Prefix.pch";
				INFOPLIST_FILE = "ClassicPhotosTests/ClassicPhotosTests-Info.plist";
				PRODUCT_NAME = "$(TARGET_NAME)";
				TEST_HOST = "$(BUNDLE_LOADER)";
				WRAPPER_EXTENSION = xctest;
			};
			name = Release;
		};
/* End XCBuildConfiguration section */

/* Begin XCConfigurationList section */
		7FB28DFF197E01990021523F /* Build configuration list for PBXProject "ClassicPhotos" */ = {
			isa = XCConfigurationList;
			buildConfigurations = (
				7FB28E2E197E019B0021523F /* Debug */,
				7FB28E2F197E019B0021523F /* Release */,
			);
			defaultConfigurationIsVisible = 0;
			defaultConfigurationName = Release;
		};
		7FB28E30197E019B0021523F /* Build configuration list for PBXNativeTarget "ClassicPhotos" */ = {
			isa = XCConfigurationList;
			buildConfigurations = (
				7FB28E31197E019B0021523F /* Debug */,
				7FB28E32197E019B0021523F /* Release */,
			);
			defaultConfigurationIsVisible = 0;
		};
		7FB28E33197E019B0021523F /* Build configuration list for PBXNativeTarget "ClassicPhotosTests" */ = {
			isa = XCConfigurationList;
			buildConfigurations = (
				7FB28E34197E019B0021523F /* Debug */,
				7FB28E35197E019B0021523F /* Release */,
			);
			defaultConfigurationIsVisible = 0;
		};
/* End XCConfigurationList section */
	};
	rootObject = 7FB28DFC197E01990021523F /* Project object */;
}
